// !$*UTF8*$!
{
	archiveVersion = 1;
	classes = {};
	objectVersion = 56;
	objects = {

		C727FE542E1543A0B035F030 = {isa = PBXBuildFile; fileRef = BC075BDE55B044D28892228E; };
		30629562BBB34FCC91F1C4EE = {isa = PBXBuildFile; fileRef = C51D653045694D198C5F0974; };
		F81705E76ADB4B05BDB70DE7 = {isa = PBXBuildFile; fileRef = A6F689DCDE8C4B5DB69762C0; };
		71211D402CAD4398B7B631CC = {isa = PBXBuildFile; fileRef = 9CC83EAB0E4945A09DBC05CC; };
		449EF7D296874EC1B12CA41D = {isa = PBXBuildFile; fileRef = 378DEE1805E34B9AAC50F336; };
		40664B963C054287B09B605D = {isa = PBXBuildFile; fileRef = 25A9BF0A9A994E9FB7BEAF8C; };
		711CBAFB94AA4CF099BB40F4 = {isa = PBXBuildFile; fileRef = 23A42405F83E42EDBA6D685E; };
		2C4EA3311AED4644A048FFF6 = {isa = PBXBuildFile; fileRef = 2FA9236CEFF440BCA5BC2795; };
		2982CEA109B7455FAF336227 = {isa = PBXBuildFile; fileRef = 4382C8D9892A408C960E1E1D; };

		BC075BDE55B044D28892228E = {isa = PBXFileReference; lastKnownFileType = sourcecode.swift; name = "FitnessApp2App.swift"; path = "Sources/FitnessApp2/FitnessApp2App.swift"; sourceTree = SOURCE_ROOT; };
		C51D653045694D198C5F0974 = {isa = PBXFileReference; lastKnownFileType = sourcecode.swift; name = "ContentView.swift"; path = "Sources/FitnessApp2/ContentView.swift"; sourceTree = SOURCE_ROOT; };
		A6F689DCDE8C4B5DB69762C0 = {isa = PBXFileReference; lastKnownFileType = sourcecode.swift; name = "SeedData.swift"; path = "Sources/FitnessApp2/Services/SeedData.swift"; sourceTree = SOURCE_ROOT; };
		9CC83EAB0E4945A09DBC05CC = {isa = PBXFileReference; lastKnownFileType = sourcecode.swift; name = "TrainingModels.swift"; path = "Sources/FitnessApp2/Models/TrainingModels.swift"; sourceTree = SOURCE_ROOT; };
		378DEE1805E34B9AAC50F336 = {isa = PBXFileReference; lastKnownFileType = sourcecode.swift; name = "WeekView.swift"; path = "Sources/FitnessApp2/Views/WeekView.swift"; sourceTree = SOURCE_ROOT; };
		25A9BF0A9A994E9FB7BEAF8C = {isa = PBXFileReference; lastKnownFileType = sourcecode.swift; name = "LogExerciseView.swift"; path = "Sources/FitnessApp2/Views/LogExerciseView.swift"; sourceTree = SOURCE_ROOT; };
		23A42405F83E42EDBA6D685E = {isa = PBXFileReference; lastKnownFileType = sourcecode.swift; name = "PlateCalculatorView.swift"; path = "Sources/FitnessApp2/Views/PlateCalculatorView.swift"; sourceTree = SOURCE_ROOT; };
		2FA9236CEFF440BCA5BC2795 = {isa = PBXFileReference; lastKnownFileType = sourcecode.swift; name = "DayDetailView.swift"; path = "Sources/FitnessApp2/Views/DayDetailView.swift"; sourceTree = SOURCE_ROOT; };
		4382C8D9892A408C960E1E1D = {isa = PBXFileReference; lastKnownFileType = sourcecode.swift; name = "RestTimerView.swift"; path = "Sources/FitnessApp2/Views/RestTimerView.swift"; sourceTree = SOURCE_ROOT; };

		D8738FE2652E4640B7B476DF = {isa = PBXFileReference; explicitFileType = wrapper.application; includeInIndex = 0; path = FitnessApp2.app; sourceTree = BUILT_PRODUCTS_DIR; };
		FBC788F9CC1D4D5EB5CCBC10 = {isa = PBXFrameworksBuildPhase; buildActionMask = 2147483647; files = (); runOnlyForDeploymentPostprocessing = 0; };
		B83620B288164A53ADA95E49 = {
			isa = PBXGroup;
			children = (
				BC075BDE55B044D28892228E,
				C51D653045694D198C5F0974,
				A6F689DCDE8C4B5DB69762C0,
				9CC83EAB0E4945A09DBC05CC,
				378DEE1805E34B9AAC50F336,
				25A9BF0A9A994E9FB7BEAF8C,
				23A42405F83E42EDBA6D685E,
				2FA9236CEFF440BCA5BC2795,
				4382C8D9892A408C960E1E1D,
				D8738FE2652E4640B7B476DF,
			);
			sourceTree = "<group>";
		};
		9CCE0092D44B4E7DABECBEBE = {
			isa = PBXNativeTarget;
			buildConfigurationList = F537A1145A6F463C9E2B3DFB;
			buildPhases = (BD4DE205148D469DA4E775CB, FBC788F9CC1D4D5EB5CCBC10);
			buildRules = ();
			dependencies = ();
			name = FitnessApp2;
			productName = FitnessApp2;
			productReference = D8738FE2652E4640B7B476DF;
			productType = "com.apple.product-type.application";
		};
		E73A363118E24699A4207EA3 = {
			isa = PBXProject;
			attributes = {LastUpgradeCheck = 1600;};
			buildConfigurationList = 3C2F39D227B54E10991EA326;
			compatibilityVersion = "Xcode 14.0";
			developmentRegion = en;
			hasScannedForEncodings = 0;
			knownRegions = (en, Base);
			mainGroup = B83620B288164A53ADA95E49;
			projectDirPath = "";
			projectRoot = "";
			targets = (9CCE0092D44B4E7DABECBEBE);
		};
		BD4DE205148D469DA4E775CB = {
			isa = PBXSourcesBuildPhase;
			buildActionMask = 2147483647;
			files = (
				C727FE542E1543A0B035F030,
				30629562BBB34FCC91F1C4EE,
				F81705E76ADB4B05BDB70DE7,
				71211D402CAD4398B7B631CC,
				449EF7D296874EC1B12CA41D,
				40664B963C054287B09B605D,
				711CBAFB94AA4CF099BB40F4,
				2C4EA3311AED4644A048FFF6,
				2982CEA109B7455FAF336227,
			);
			runOnlyForDeploymentPostprocessing = 0;
		};
		C70FEE92D42B40D99A72DBAB = {isa = XCBuildConfiguration; buildSettings = {IPHONEOS_DEPLOYMENT_TARGET = 17.0; SDKROOT = iphoneos; SWIFT_VERSION = 5.0;}; name = Debug; };
		02BE012C15AB45858BBABEBE = {isa = XCBuildConfiguration; buildSettings = {IPHONEOS_DEPLOYMENT_TARGET = 17.0; SDKROOT = iphoneos; SWIFT_VERSION = 5.0;}; name = Release; };
		1565C1B86C12449DAD510D64 = {isa = XCBuildConfiguration; buildSettings = {
			BUNDLE_IDENTIFIER = com.atakan.FitnessApp2;
			INFOPLIST_FILE = "Sources/FitnessApp2/Info.plist";
			IPHONEOS_DEPLOYMENT_TARGET = 17.0;
			PRODUCT_BUNDLE_IDENTIFIER = com.atakan.FitnessApp2;
			PRODUCT_NAME = FitnessApp2;
			SWIFT_VERSION = 5.0;
			TARGETED_DEVICE_FAMILY = 1;
		}; name = Debug; };
		EE770EB40B5D4567B58941FB = {isa = XCBuildConfiguration; buildSettings = {
			BUNDLE_IDENTIFIER = com.atakan.FitnessApp2;
			INFOPLIST_FILE = "Sources/FitnessApp2/Info.plist";
			IPHONEOS_DEPLOYMENT_TARGET = 17.0;
			PRODUCT_BUNDLE_IDENTIFIER = com.atakan.FitnessApp2;
			PRODUCT_NAME = FitnessApp2;
			SWIFT_VERSION = 5.0;
			TARGETED_DEVICE_FAMILY = 1;
		}; name = Release; };
		3C2F39D227B54E10991EA326 = {isa = XCConfigurationList; buildConfigurations = (C70FEE92D42B40D99A72DBAB, 02BE012C15AB45858BBABEBE); defaultConfigurationName = Release; };
		F537A1145A6F463C9E2B3DFB = {isa = XCConfigurationList; buildConfigurations = (1565C1B86C12449DAD510D64, EE770EB40B5D4567B58941FB); defaultConfigurationName = Release; };
	};
	rootObject = E73A363118E24699A4207EA3;
}
